
Microsoft Visual Studio Solution File, Format Version 12.00
# Visual Studio Version 17
VisualStudioVersion = 17.3.32929.385
MinimumVisualStudioVersion = 10.0.40219.1
Project("{888888A0-9F3D-457C-B088-3A5042F75D52}") = "homework7b", "homework7b\homework7b.pyproj", "{FFD5EBAC-75D3-45AE-A6C6-3766878414DD}"
EndProject
Project("{888888A0-9F3D-457C-B088-3A5042F75D52}") = "project2", "project2\project2.pyproj", "{B67B6794-B921-49BE-8C72-CF221DF1B794}"
EndProject
Global
	GlobalSection(SolutionConfigurationPlatforms) = preSolution
		Debug|Any CPU = Debug|Any CPU
		Release|Any CPU = Release|Any CPU
	EndGlobalSection
	GlobalSection(ProjectConfigurationPlatforms) = postSolution
		{FFD5EBAC-75D3-45AE-A6C6-3766878414DD}.Debug|Any CPU.ActiveCfg = Debug|Any CPU
		{FFD5EBAC-75D3-45AE-A6C6-3766878414DD}.Release|Any CPU.ActiveCfg = Release|Any CPU
		{B67B6794-B921-49BE-8C72-CF221DF1B794}.Debug|Any CPU.ActiveCfg = Debug|Any CPU
		{B67B6794-B921-49BE-8C72-CF221DF1B794}.Release|Any CPU.ActiveCfg = Release|Any CPU
	EndGlobalSection
	GlobalSection(SolutionProperties) = preSolution
		HideSolutionNode = FALSE
	EndGlobalSection
	GlobalSection(ExtensibilityGlobals) = postSolution
		SolutionGuid = {058F5FA0-4CA2-45AE-8C68-16B33D24A356}
	EndGlobalSection
EndGlobal
