
Microsoft Visual Studio Solution File, Format Version 12.00
# Visual Studio Version 17
VisualStudioVersion = 17.3.32929.385
MinimumVisualStudioVersion = 10.0.40219.1
Project("{888888A0-9F3D-457C-B088-3A5042F75D52}") = "week6exercises", "week6exercises\week6exercises.pyproj", "{9B8A1E84-A99F-4AC2-AEA8-522BA59809C6}"
EndProject
Global
	GlobalSection(SolutionConfigurationPlatforms) = preSolution
		Debug|Any CPU = Debug|Any CPU
		Release|Any CPU = Release|Any CPU
	EndGlobalSection
	GlobalSection(ProjectConfigurationPlatforms) = postSolution
		{9B8A1E84-A99F-4AC2-AEA8-522BA59809C6}.Debug|Any CPU.ActiveCfg = Debug|Any CPU
		{9B8A1E84-A99F-4AC2-AEA8-522BA59809C6}.Release|Any CPU.ActiveCfg = Release|Any CPU
	EndGlobalSection
	GlobalSection(SolutionProperties) = preSolution
		HideSolutionNode = FALSE
	EndGlobalSection
	GlobalSection(ExtensibilityGlobals) = postSolution
		SolutionGuid = {8A0FF472-43DA-401F-BB98-20C450A76498}
	EndGlobalSection
EndGlobal
