
Microsoft Visual Studio Solution File, Format Version 12.00
# Visual Studio Version 17
VisualStudioVersion = 17.3.32929.385
MinimumVisualStudioVersion = 10.0.40219.1
Project("{888888A0-9F3D-457C-B088-3A5042F75D52}") = "project1", "project1\project1.pyproj", "{5EA0E877-6988-4919-82CF-F29FCDF81420}"
EndProject
Project("{888888A0-9F3D-457C-B088-3A5042F75D52}") = "project2", "project2\project2.pyproj", "{20660792-AFCA-46A4-8855-6488A06EE87F}"
EndProject
Global
	GlobalSection(SolutionConfigurationPlatforms) = preSolution
		Debug|Any CPU = Debug|Any CPU
		Release|Any CPU = Release|Any CPU
	EndGlobalSection
	GlobalSection(ProjectConfigurationPlatforms) = postSolution
		{5EA0E877-6988-4919-82CF-F29FCDF81420}.Debug|Any CPU.ActiveCfg = Debug|Any CPU
		{5EA0E877-6988-4919-82CF-F29FCDF81420}.Release|Any CPU.ActiveCfg = Release|Any CPU
		{20660792-AFCA-46A4-8855-6488A06EE87F}.Debug|Any CPU.ActiveCfg = Debug|Any CPU
		{20660792-AFCA-46A4-8855-6488A06EE87F}.Release|Any CPU.ActiveCfg = Release|Any CPU
	EndGlobalSection
	GlobalSection(SolutionProperties) = preSolution
		HideSolutionNode = FALSE
	EndGlobalSection
	GlobalSection(ExtensibilityGlobals) = postSolution
		SolutionGuid = {BD6B2680-2E07-4B86-99AC-30CBCC29E9EA}
	EndGlobalSection
EndGlobal
