
Microsoft Visual Studio Solution File, Format Version 12.00
# Visual Studio Version 17
VisualStudioVersion = 17.3.32929.385
MinimumVisualStudioVersion = 10.0.40219.1
Project("{888888A0-9F3D-457C-B088-3A5042F75D52}") = "homework7a", "homework7a\homework7a.pyproj", "{3B31D81B-918F-4D8F-B32E-A8B7477296FB}"
EndProject
Project("{888888A0-9F3D-457C-B088-3A5042F75D52}") = "project2_frequency", "project2_frequency\project2_frequency.pyproj", "{8816640B-4DCF-41AC-93ED-03FE707E8403}"
EndProject
Project("{888888A0-9F3D-457C-B088-3A5042F75D52}") = "project3_seperator", "project3_seperator\project3_seperator.pyproj", "{3CC2FFB9-E29F-4059-9DBE-E4AA01BC53B8}"
EndProject
Project("{888888A0-9F3D-457C-B088-3A5042F75D52}") = "project4_PigLatin", "project4_PigLatin\project4_PigLatin.pyproj", "{F6BC6F88-9937-4183-8F60-2C874038D4D5}"
EndProject
Project("{888888A0-9F3D-457C-B088-3A5042F75D52}") = "project5_Cipher", "project5_Cipher\project5_Cipher.pyproj", "{C4DBCA6B-04F3-4391-9AE8-0A893DDCA776}"
EndProject
Global
	GlobalSection(SolutionConfigurationPlatforms) = preSolution
		Debug|Any CPU = Debug|Any CPU
		Release|Any CPU = Release|Any CPU
	EndGlobalSection
	GlobalSection(ProjectConfigurationPlatforms) = postSolution
		{3B31D81B-918F-4D8F-B32E-A8B7477296FB}.Debug|Any CPU.ActiveCfg = Debug|Any CPU
		{3B31D81B-918F-4D8F-B32E-A8B7477296FB}.Release|Any CPU.ActiveCfg = Release|Any CPU
		{8816640B-4DCF-41AC-93ED-03FE707E8403}.Debug|Any CPU.ActiveCfg = Debug|Any CPU
		{8816640B-4DCF-41AC-93ED-03FE707E8403}.Release|Any CPU.ActiveCfg = Release|Any CPU
		{3CC2FFB9-E29F-4059-9DBE-E4AA01BC53B8}.Debug|Any CPU.ActiveCfg = Debug|Any CPU
		{3CC2FFB9-E29F-4059-9DBE-E4AA01BC53B8}.Release|Any CPU.ActiveCfg = Release|Any CPU
		{F6BC6F88-9937-4183-8F60-2C874038D4D5}.Debug|Any CPU.ActiveCfg = Debug|Any CPU
		{F6BC6F88-9937-4183-8F60-2C874038D4D5}.Release|Any CPU.ActiveCfg = Release|Any CPU
		{C4DBCA6B-04F3-4391-9AE8-0A893DDCA776}.Debug|Any CPU.ActiveCfg = Debug|Any CPU
		{C4DBCA6B-04F3-4391-9AE8-0A893DDCA776}.Release|Any CPU.ActiveCfg = Release|Any CPU
	EndGlobalSection
	GlobalSection(SolutionProperties) = preSolution
		HideSolutionNode = FALSE
	EndGlobalSection
	GlobalSection(ExtensibilityGlobals) = postSolution
		SolutionGuid = {7B2CA1CA-237B-46A0-803A-8023CDDAB5DE}
	EndGlobalSection
EndGlobal
